Microsoft Visual Studio Solution File, Format Version 11.00
# Visual Studio 2008

Project("{056D7B64-0392-1452-FE30-F4CC14C0379E}") = "Project Hacking 99%", "Assembly-CSharp.csproj", "{DB8E6794-4A43-2684-E1EB-7F5FA0B1EAB4}"
EndProject
Project("{056D7B64-0392-1452-FE30-F4CC14C0379E}") = "Project Hacking 99%", "Assembly-CSharp-Editor.csproj", "{8F2EE2D8-DA91-6079-B7E2-41BF486F1AEB}"
EndProject
Global
	GlobalSection(SolutionConfigurationPlatforms) = preSolution
		Debug|Any CPU = Debug|Any CPU
		Release|Any CPU = Release|Any CPU
	EndGlobalSection
	GlobalSection(ProjectConfigurationPlatforms) = postSolution
		{DB8E6794-4A43-2684-E1EB-7F5FA0B1EAB4}.Debug|Any CPU.ActiveCfg = Debug|Any CPU
		{DB8E6794-4A43-2684-E1EB-7F5FA0B1EAB4}.Debug|Any CPU.Build.0 = Debug|Any CPU
		{DB8E6794-4A43-2684-E1EB-7F5FA0B1EAB4}.Release|Any CPU.ActiveCfg = Release|Any CPU
		{DB8E6794-4A43-2684-E1EB-7F5FA0B1EAB4}.Release|Any CPU.Build.0 = Release|Any CPU
		{8F2EE2D8-DA91-6079-B7E2-41BF486F1AEB}.Debug|Any CPU.ActiveCfg = Debug|Any CPU
		{8F2EE2D8-DA91-6079-B7E2-41BF486F1AEB}.Debug|Any CPU.Build.0 = Debug|Any CPU
		{8F2EE2D8-DA91-6079-B7E2-41BF486F1AEB}.Release|Any CPU.ActiveCfg = Release|Any CPU
		{8F2EE2D8-DA91-6079-B7E2-41BF486F1AEB}.Release|Any CPU.Build.0 = Release|Any CPU
	EndGlobalSection
	GlobalSection(SolutionProperties) = preSolution
		HideSolutionNode = FALSE
	EndGlobalSection
	GlobalSection(MonoDevelopProperties) = preSolution
		StartupItem = Assembly-CSharp.csproj
	EndGlobalSection
EndGlobal
